
Microsoft Visual Studio Solution File, Format Version 12.00
# Visual Studio Version 17
VisualStudioVersion = 17.7.34221.43
MinimumVisualStudioVersion = 10.0.40219.1
Project("{9A19103F-16F7-4668-BE54-9A1E7A4F7556}") = "BethanysPieShopHRM.Blazor", "BethanysPieShopHRM.Blazor.csproj", "{C84075C3-B8AD-4DB4-A103-F26057AA52DA}"
EndProject
Project("{FAE04EC0-301F-11D3-BF4B-00C04F79EFBC}") = "BethanysPieShopHRM.Shared", "..\BethanysPieShopHRM.Shared\BethanysPieShopHRM.Shared.csproj", "{EB0CE26B-E9B0-443C-A377-8D77734B008B}"
EndProject
Global
	GlobalSection(SolutionConfigurationPlatforms) = preSolution
		Debug|Any CPU = Debug|Any CPU
		Release|Any CPU = Release|Any CPU
	EndGlobalSection
	GlobalSection(ProjectConfigurationPlatforms) = postSolution
		{C84075C3-B8AD-4DB4-A103-F26057AA52DA}.Debug|Any CPU.ActiveCfg = Debug|Any CPU
		{C84075C3-B8AD-4DB4-A103-F26057AA52DA}.Debug|Any CPU.Build.0 = Debug|Any CPU
		{C84075C3-B8AD-4DB4-A103-F26057AA52DA}.Release|Any CPU.ActiveCfg = Release|Any CPU
		{C84075C3-B8AD-4DB4-A103-F26057AA52DA}.Release|Any CPU.Build.0 = Release|Any CPU
		{EB0CE26B-E9B0-443C-A377-8D77734B008B}.Debug|Any CPU.ActiveCfg = Debug|Any CPU
		{EB0CE26B-E9B0-443C-A377-8D77734B008B}.Debug|Any CPU.Build.0 = Debug|Any CPU
		{EB0CE26B-E9B0-443C-A377-8D77734B008B}.Release|Any CPU.ActiveCfg = Release|Any CPU
		{EB0CE26B-E9B0-443C-A377-8D77734B008B}.Release|Any CPU.Build.0 = Release|Any CPU
	EndGlobalSection
	GlobalSection(SolutionProperties) = preSolution
		HideSolutionNode = FALSE
	EndGlobalSection
	GlobalSection(ExtensibilityGlobals) = postSolution
		SolutionGuid = {81BA56B0-CF9E-4029-9350-80BC33E2F84D}
	EndGlobalSection
EndGlobal
